
Microsoft Visual Studio Solution File, Format Version 12.00
# Visual Studio Version 17
VisualStudioVersion = 17.14.36623.8 d17.14
MinimumVisualStudioVersion = 10.0.40219.1
Project("{C9674DCB-5085-4A16-B785-4C70DD1589BD}") = "fact_table", "fact_table.dtproj", "{6C92ABAF-40CD-FFDC-F461-4D9FD5C59C22}"
EndProject
Global
	GlobalSection(SolutionConfigurationPlatforms) = preSolution
		Development|Default = Development|Default
	EndGlobalSection
	GlobalSection(ProjectConfigurationPlatforms) = postSolution
		{6C92ABAF-40CD-FFDC-F461-4D9FD5C59C22}.Development|Default.ActiveCfg = Development
		{6C92ABAF-40CD-FFDC-F461-4D9FD5C59C22}.Development|Default.Build.0 = Development
	EndGlobalSection
	GlobalSection(SolutionProperties) = preSolution
		HideSolutionNode = FALSE
	EndGlobalSection
	GlobalSection(ExtensibilityGlobals) = postSolution
		SolutionGuid = {2AC407E2-CBCF-4C73-BE4B-E0E435BAC70D}
	EndGlobalSection
EndGlobal
