
Microsoft Visual Studio Solution File, Format Version 12.00
# Visual Studio Version 17
VisualStudioVersion = 17.14.36623.8 d17.14
MinimumVisualStudioVersion = 10.0.40219.1
Project("{D2ABAB84-BF74-430A-B69E-9DC6D40DDA17}") = "project", "project.dwproj", "{887353BB-AE5A-5AD5-7662-52D08DA548AC}"
EndProject
Global
	GlobalSection(SolutionConfigurationPlatforms) = preSolution
		Development|Default = Development|Default
	EndGlobalSection
	GlobalSection(ProjectConfigurationPlatforms) = postSolution
		{887353BB-AE5A-5AD5-7662-52D08DA548AC}.Development|Default.ActiveCfg = Development
		{887353BB-AE5A-5AD5-7662-52D08DA548AC}.Development|Default.Build.0 = Development
		{887353BB-AE5A-5AD5-7662-52D08DA548AC}.Development|Default.Deploy.0 = Development
	EndGlobalSection
	GlobalSection(SolutionProperties) = preSolution
		HideSolutionNode = FALSE
	EndGlobalSection
	GlobalSection(ExtensibilityGlobals) = postSolution
		SolutionGuid = {28D9EC7C-81B7-4A22-A508-ADB282C951BF}
	EndGlobalSection
EndGlobal
